{
  "name": "libmicro",
  "version": "1.0.0",
  "lockfileVersion": 1,
  "requires": true,
  "dependencies": {
    "@types/chrome": {
      "version": "https://registry.npmjs.org/@types/chrome/-/chrome-0.0.54.tgz",
      "integrity": "sha1-yXHx6NV6gq4fYjKgnoOaN7UHROk=",
      "requires": {
        "@types/filesystem": "https://registry.npmjs.org/@types/filesystem/-/filesystem-0.0.28.tgz"
      }
    },
    "@types/filesystem": {
      "version": "https://registry.npmjs.org/@types/filesystem/-/filesystem-0.0.28.tgz",
      "integrity": "sha1-P9dzWDDyx0E8taxFeAvEWQRpew4=",
      "requires": {
        "@types/filewriter": "https://registry.npmjs.org/@types/filewriter/-/filewriter-0.0.28.tgz"
      }
    },
    "@types/filewriter": {
      "version": "https://registry.npmjs.org/@types/filewriter/-/filewriter-0.0.28.tgz",
      "integrity": "sha1-wFTor02d11205jq8dviFFocU1LM="
    },
    "typescript": {
      "version": "https://registry.npmjs.org/typescript/-/typescript-2.6.1.tgz",
      "integrity": "sha1-7znN6ierrAtQAkLWcmq5DgyEZjE="
    }
  }
}
